// !$*UTF8*$!
{
	archiveVersion = 1;
	classes = {
	};
	objectVersion = 56;
	objects = {

/* Begin PBXBuildFile section */
		E91A9A3F2A56FB6200C2DD39 /* AccelerationDataManager.swift in Sources */ = {isa = PBXBuildFile; fileRef = E91A9A3E2A56FB6200C2DD39 /* AccelerationDataManager.swift */; };
		E997BCA32A5693AB00E42578 /* AppDelegate.swift in Sources */ = {isa = PBXBuildFile; fileRef = E997BCA22A5693AB00E42578 /* AppDelegate.swift */; };
		E997BCA52A5693AB00E42578 /* SceneDelegate.swift in Sources */ = {isa = PBXBuildFile; fileRef = E997BCA42A5693AB00E42578 /* SceneDelegate.swift */; };
		E997BCA72A5693AB00E42578 /* ViewController.swift in Sources */ = {isa = PBXBuildFile; fileRef = E997BCA62A5693AB00E42578 /* ViewController.swift */; };
		E997BCAA2A5693AB00E42578 /* Main.storyboard in Resources */ = {isa = PBXBuildFile; fileRef = E997BCA82A5693AB00E42578 /* Main.storyboard */; };
		E997BCAC2A5693AC00E42578 /* Assets.xcassets in Resources */ = {isa = PBXBuildFile; fileRef = E997BCAB2A5693AC00E42578 /* Assets.xcassets */; };
		E997BCAF2A5693AC00E42578 /* LaunchScreen.storyboard in Resources */ = {isa = PBXBuildFile; fileRef = E997BCAD2A5693AC00E42578 /* LaunchScreen.storyboard */; };
		E9B45BC22A569CAE00EA7EF8 /* AccelerationDataModel.swift in Sources */ = {isa = PBXBuildFile; fileRef = E9B45BC12A569CAE00EA7EF8 /* AccelerationDataModel.swift */; };
/* End PBXBuildFile section */

/* Begin PBXFileReference section */
		E91A9A3E2A56FB6200C2DD39 /* AccelerationDataManager.swift */ = {isa = PBXFileReference; lastKnownFileType = sourcecode.swift; path = AccelerationDataManager.swift; sourceTree = "<group>"; };
		E997BC9F2A5693AB00E42578 /* MotionConcept.app */ = {isa = PBXFileReference; explicitFileType = wrapper.application; includeInIndex = 0; path = MotionConcept.app; sourceTree = BUILT_PRODUCTS_DIR; };
		E997BCA22A5693AB00E42578 /* AppDelegate.swift */ = {isa = PBXFileReference; lastKnownFileType = sourcecode.swift; path = AppDelegate.swift; sourceTree = "<group>"; };
		E997BCA42A5693AB00E42578 /* SceneDelegate.swift */ = {isa = PBXFileReference; lastKnownFileType = sourcecode.swift; path = SceneDelegate.swift; sourceTree = "<group>"; };
		E997BCA62A5693AB00E42578 /* ViewController.swift */ = {isa = PBXFileReference; lastKnownFileType = sourcecode.swift; path = ViewController.swift; sourceTree = "<group>"; };
		E997BCA92A5693AB00E42578 /* Base */ = {isa = PBXFileReference; lastKnownFileType = file.storyboard; name = Base; path = Base.lproj/Main.storyboard; sourceTree = "<group>"; };
		E997BCAB2A5693AC00E42578 /* Assets.xcassets */ = {isa = PBXFileReference; lastKnownFileType = folder.assetcatalog; path = Assets.xcassets; sourceTree = "<group>"; };
		E997BCAE2A5693AC00E42578 /* Base */ = {isa = PBXFileReference; lastKnownFileType = file.storyboard; name = Base; path = Base.lproj/LaunchScreen.storyboard; sourceTree = "<group>"; };
		E997BCB02A5693AC00E42578 /* Info.plist */ = {isa = PBXFileReference; lastKnownFileType = text.plist.xml; path = Info.plist; sourceTree = "<group>"; };
		E9B45BC12A569CAE00EA7EF8 /* AccelerationDataModel.swift */ = {isa = PBXFileReference; lastKnownFileType = sourcecode.swift; path = AccelerationDataModel.swift; sourceTree = "<group>"; };
/* End PBXFileReference section */

/* Begin PBXFrameworksBuildPhase section */
		E997BC9C2A5693AB00E42578 /* Frameworks */ = {
			isa = PBXFrameworksBuildPhase;
			buildActionMask = 2147483647;
			files = (
			);
			runOnlyForDeploymentPostprocessing = 0;
		};
/* End PBXFrameworksBuildPhase section */

/* Begin PBXGroup section */
		E997BC962A5693AB00E42578 = {
			isa = PBXGroup;
			children = (
				E997BCA12A5693AB00E42578 /* MotionConcept */,
				E997BCA02A5693AB00E42578 /* Products */,
			);
			sourceTree = "<group>";
		};
		E997BCA02A5693AB00E42578 /* Products */ = {
			isa = PBXGroup;
			children = (
				E997BC9F2A5693AB00E42578 /* MotionConcept.app */,
			);
			name = Products;
			sourceTree = "<group>";
		};
		E997BCA12A5693AB00E42578 /* MotionConcept */ = {
			isa = PBXGroup;
			children = (
				E997BCA22A5693AB00E42578 /* AppDelegate.swift */,
				E997BCA42A5693AB00E42578 /* SceneDelegate.swift */,
				E9B45BC02A569C4C00EA7EF8 /* Views */,
				E9B45BC32A569CB300EA7EF8 /* Models */,
				E9B45BBF2A569C4000EA7EF8 /* Controllers */,
				E997BCAB2A5693AC00E42578 /* Assets.xcassets */,
				E997BCB02A5693AC00E42578 /* Info.plist */,
			);
			path = MotionConcept;
			sourceTree = "<group>";
		};
		E9B45BBF2A569C4000EA7EF8 /* Controllers */ = {
			isa = PBXGroup;
			children = (
				E997BCA62A5693AB00E42578 /* ViewController.swift */,
			);
			path = Controllers;
			sourceTree = "<group>";
		};
		E9B45BC02A569C4C00EA7EF8 /* Views */ = {
			isa = PBXGroup;
			children = (
				E997BCAD2A5693AC00E42578 /* LaunchScreen.storyboard */,
				E997BCA82A5693AB00E42578 /* Main.storyboard */,
			);
			path = Views;
			sourceTree = "<group>";
		};
		E9B45BC32A569CB300EA7EF8 /* Models */ = {
			isa = PBXGroup;
			children = (
				E9B45BC12A569CAE00EA7EF8 /* AccelerationDataModel.swift */,
				E91A9A3E2A56FB6200C2DD39 /* AccelerationDataManager.swift */,
			);
			path = Models;
			sourceTree = "<group>";
		};
/* End PBXGroup section */

/* Begin PBXNativeTarget section */
		E997BC9E2A5693AB00E42578 /* MotionConcept */ = {
			isa = PBXNativeTarget;
			buildConfigurationList = E997BCB32A5693AC00E42578 /* Build configuration list for PBXNativeTarget "MotionConcept" */;
			buildPhases = (
				E997BC9B2A5693AB00E42578 /* Sources */,
				E997BC9C2A5693AB00E42578 /* Frameworks */,
				E997BC9D2A5693AB00E42578 /* Resources */,
			);
			buildRules = (
			);
			dependencies = (
			);
			name = MotionConcept;
			productName = MotionConcept;
			productReference = E997BC9F2A5693AB00E42578 /* MotionConcept.app */;
			productType = "com.apple.product-type.application";
		};
/* End PBXNativeTarget section */

/* Begin PBXProject section */
		E997BC972A5693AB00E42578 /* Project object */ = {
			isa = PBXProject;
			attributes = {
				BuildIndependentTargetsInParallel = 1;
				LastSwiftUpdateCheck = 1430;
				LastUpgradeCheck = 1430;
				TargetAttributes = {
					E997BC9E2A5693AB00E42578 = {
						CreatedOnToolsVersion = 14.3.1;
					};
				};
			};
			buildConfigurationList = E997BC9A2A5693AB00E42578 /* Build configuration list for PBXProject "MotionConcept" */;
			compatibilityVersion = "Xcode 14.0";
			developmentRegion = en;
			hasScannedForEncodings = 0;
			knownRegions = (
				en,
				Base,
			);
			mainGroup = E997BC962A5693AB00E42578;
			productRefGroup = E997BCA02A5693AB00E42578 /* Products */;
			projectDirPath = "";
			projectRoot = "";
			targets = (
				E997BC9E2A5693AB00E42578 /* MotionConcept */,
			);
		};
/* End PBXProject section */

/* Begin PBXResourcesBuildPhase section */
		E997BC9D2A5693AB00E42578 /* Resources */ = {
			isa = PBXResourcesBuildPhase;
			buildActionMask = 2147483647;
			files = (
				E997BCAF2A5693AC00E42578 /* LaunchScreen.storyboard in Resources */,
				E997BCAC2A5693AC00E42578 /* Assets.xcassets in Resources */,
				E997BCAA2A5693AB00E42578 /* Main.storyboard in Resources */,
			);
			runOnlyForDeploymentPostprocessing = 0;
		};
/* End PBXResourcesBuildPhase section */

/* Begin PBXSourcesBuildPhase section */
		E997BC9B2A5693AB00E42578 /* Sources */ = {
			isa = PBXSourcesBuildPhase;
			buildActionMask = 2147483647;
			files = (
				E997BCA72A5693AB00E42578 /* ViewController.swift in Sources */,
				E9B45BC22A569CAE00EA7EF8 /* AccelerationDataModel.swift in Sources */,
				E997BCA32A5693AB00E42578 /* AppDelegate.swift in Sources */,
				E91A9A3F2A56FB6200C2DD39 /* AccelerationDataManager.swift in Sources */,
				E997BCA52A5693AB00E42578 /* SceneDelegate.swift in Sources */,
			);
			runOnlyForDeploymentPostprocessing = 0;
		};
/* End PBXSourcesBuildPhase section */

/* Begin PBXVariantGroup section */
		E997BCA82A5693AB00E42578 /* Main.storyboard */ = {
			isa = PBXVariantGroup;
			children = (
				E997BCA92A5693AB00E42578 /* Base */,
			);
			name = Main.storyboard;
			sourceTree = "<group>";
		};
		E997BCAD2A5693AC00E42578 /* LaunchScreen.storyboard */ = {
			isa = PBXVariantGroup;
			children = (
				E997BCAE2A5693AC00E42578 /* Base */,
			);
			name = LaunchScreen.storyboard;
			sourceTree = "<group>";
		};
/* End PBXVariantGroup section */

/* Begin XCBuildConfiguration section */
		E997BCB12A5693AC00E42578 /* Debug */ = {
			isa = XCBuildConfiguration;
			buildSettings = {
				ALWAYS_SEARCH_USER_PATHS = NO;
				CLANG_ANALYZER_NONNULL = YES;
				CLANG_ANALYZER_NUMBER_OBJECT_CONVERSION = YES_AGGRESSIVE;
				CLANG_CXX_LANGUAGE_STANDARD = "gnu++20";
				CLANG_ENABLE_MODULES = YES;
				CLANG_ENABLE_OBJC_ARC = YES;
				CLANG_ENABLE_OBJC_WEAK = YES;
				CLANG_WARN_BLOCK_CAPTURE_AUTORELEASING = YES;
				CLANG_WARN_BOOL_CONVERSION = YES;
				CLANG_WARN_COMMA = YES;
				CLANG_WARN_CONSTANT_CONVERSION = YES;
				CLANG_WARN_DEPRECATED_OBJC_IMPLEMENTATIONS = YES;
				CLANG_WARN_DIRECT_OBJC_ISA_USAGE = YES_ERROR;
				CLANG_WARN_DOCUMENTATION_COMMENTS = YES;
				CLANG_WARN_EMPTY_BODY = YES;
				CLANG_WARN_ENUM_CONVERSION = YES;
				CLANG_WARN_INFINITE_RECURSION = YES;
				CLANG_WARN_INT_CONVERSION = YES;
				CLANG_WARN_NON_LITERAL_NULL_CONVERSION = YES;
				CLANG_WARN_OBJC_IMPLICIT_RETAIN_SELF = YES;
				CLANG_WARN_OBJC_LITERAL_CONVERSION = YES;
				CLANG_WARN_OBJC_ROOT_CLASS = YES_ERROR;
				CLANG_WARN_QUOTED_INCLUDE_IN_FRAMEWORK_HEADER = YES;
				CLANG_WARN_RANGE_LOOP_ANALYSIS = YES;
				CLANG_WARN_STRICT_PROTOTYPES = YES;
				CLANG_WARN_SUSPICIOUS_MOVE = YES;
				CLANG_WARN_UNGUARDED_AVAILABILITY = YES_AGGRESSIVE;
				CLANG_WARN_UNREACHABLE_CODE = YES;
				CLANG_WARN__DUPLICATE_METHOD_MATCH = YES;
				COPY_PHASE_STRIP = NO;
				DEBUG_INFORMATION_FORMAT = dwarf;
				ENABLE_STRICT_OBJC_MSGSEND = YES;
				ENABLE_TESTABILITY = YES;
				GCC_C_LANGUAGE_STANDARD = gnu11;
				GCC_DYNAMIC_NO_PIC = NO;
				GCC_NO_COMMON_BLOCKS = YES;
				GCC_OPTIMIZATION_LEVEL = 0;
				GCC_PREPROCESSOR_DEFINITIONS = (
					"DEBUG=1",
					"$(inherited)",
				);
				GCC_WARN_64_TO_32_BIT_CONVERSION = YES;
				GCC_WARN_ABOUT_RETURN_TYPE = YES_ERROR;
				GCC_WARN_UNDECLARED_SELECTOR = YES;
				GCC_WARN_UNINITIALIZED_AUTOS = YES_AGGRESSIVE;
				GCC_WARN_UNUSED_FUNCTION = YES;
				GCC_WARN_UNUSED_VARIABLE = YES;
				IPHONEOS_DEPLOYMENT_TARGET = 16.4;
				MTL_ENABLE_DEBUG_INFO = INCLUDE_SOURCE;
				MTL_FAST_MATH = YES;
				ONLY_ACTIVE_ARCH = YES;
				SDKROOT = iphoneos;
				SWIFT_ACTIVE_COMPILATION_CONDITIONS = DEBUG;
				SWIFT_OPTIMIZATION_LEVEL = "-Onone";
			};
			name = Debug;
		};
		E997BCB22A5693AC00E42578 /* Release */ = {
			isa = XCBuildConfiguration;
			buildSettings = {
				ALWAYS_SEARCH_USER_PATHS = NO;
				CLANG_ANALYZER_NONNULL = YES;
				CLANG_ANALYZER_NUMBER_OBJECT_CONVERSION = YES_AGGRESSIVE;
				CLANG_CXX_LANGUAGE_STANDARD = "gnu++20";
				CLANG_ENABLE_MODULES = YES;
				CLANG_ENABLE_OBJC_ARC = YES;
				CLANG_ENABLE_OBJC_WEAK = YES;
				CLANG_WARN_BLOCK_CAPTURE_AUTORELEASING = YES;
				CLANG_WARN_BOOL_CONVERSION = YES;
				CLANG_WARN_COMMA = YES;
				CLANG_WARN_CONSTANT_CONVERSION = YES;
				CLANG_WARN_DEPRECATED_OBJC_IMPLEMENTATIONS = YES;
				CLANG_WARN_DIRECT_OBJC_ISA_USAGE = YES_ERROR;
				CLANG_WARN_DOCUMENTATION_COMMENTS = YES;
				CLANG_WARN_EMPTY_BODY = YES;
				CLANG_WARN_ENUM_CONVERSION = YES;
				CLANG_WARN_INFINITE_RECURSION = YES;
				CLANG_WARN_INT_CONVERSION = YES;
				CLANG_WARN_NON_LITERAL_NULL_CONVERSION = YES;
				CLANG_WARN_OBJC_IMPLICIT_RETAIN_SELF = YES;
				CLANG_WARN_OBJC_LITERAL_CONVERSION = YES;
				CLANG_WARN_OBJC_ROOT_CLASS = YES_ERROR;
				CLANG_WARN_QUOTED_INCLUDE_IN_FRAMEWORK_HEADER = YES;
				CLANG_WARN_RANGE_LOOP_ANALYSIS = YES;
				CLANG_WARN_STRICT_PROTOTYPES = YES;
				CLANG_WARN_SUSPICIOUS_MOVE = YES;
				CLANG_WARN_UNGUARDED_AVAILABILITY = YES_AGGRESSIVE;
				CLANG_WARN_UNREACHABLE_CODE = YES;
				CLANG_WARN__DUPLICATE_METHOD_MATCH = YES;
				COPY_PHASE_STRIP = NO;
				DEBUG_INFORMATION_FORMAT = "dwarf-with-dsym";
				ENABLE_NS_ASSERTIONS = NO;
				ENABLE_STRICT_OBJC_MSGSEND = YES;
				GCC_C_LANGUAGE_STANDARD = gnu11;
				GCC_NO_COMMON_BLOCKS = YES;
				GCC_WARN_64_TO_32_BIT_CONVERSION = YES;
				GCC_WARN_ABOUT_RETURN_TYPE = YES_ERROR;
				GCC_WARN_UNDECLARED_SELECTOR = YES;
				GCC_WARN_UNINITIALIZED_AUTOS = YES_AGGRESSIVE;
				GCC_WARN_UNUSED_FUNCTION = YES;
				GCC_WARN_UNUSED_VARIABLE = YES;
				IPHONEOS_DEPLOYMENT_TARGET = 16.4;
				MTL_ENABLE_DEBUG_INFO = NO;
				MTL_FAST_MATH = YES;
				SDKROOT = iphoneos;
				SWIFT_COMPILATION_MODE = wholemodule;
				SWIFT_OPTIMIZATION_LEVEL = "-O";
				VALIDATE_PRODUCT = YES;
			};
			name = Release;
		};
		E997BCB42A5693AC00E42578 /* Debug */ = {
			isa = XCBuildConfiguration;
			buildSettings = {
				ASSETCATALOG_COMPILER_APPICON_NAME = AppIcon;
				ASSETCATALOG_COMPILER_GLOBAL_ACCENT_COLOR_NAME = AccentColor;
				CODE_SIGN_STYLE = Automatic;
				CURRENT_PROJECT_VERSION = 1;
				DEVELOPMENT_TEAM = 699B45TF7E;
				GENERATE_INFOPLIST_FILE = YES;
				INFOPLIST_FILE = MotionConcept/Info.plist;
				INFOPLIST_KEY_UIApplicationSupportsIndirectInputEvents = YES;
				INFOPLIST_KEY_UILaunchStoryboardName = LaunchScreen;
				INFOPLIST_KEY_UIMainStoryboardFile = Main;
				INFOPLIST_KEY_UISupportedInterfaceOrientations_iPad = "UIInterfaceOrientationPortrait UIInterfaceOrientationPortraitUpsideDown UIInterfaceOrientationLandscapeLeft UIInterfaceOrientationLandscapeRight";
				INFOPLIST_KEY_UISupportedInterfaceOrientations_iPhone = "UIInterfaceOrientationPortrait UIInterfaceOrientationLandscapeLeft UIInterfaceOrientationLandscapeRight";
				LD_RUNPATH_SEARCH_PATHS = (
					"$(inherited)",
					"@executable_path/Frameworks",
				);
				MARKETING_VERSION = 1.0;
				PRODUCT_BUNDLE_IDENTIFIER = com.satyamsovan123.MotionConcept;
				PRODUCT_NAME = "$(TARGET_NAME)";
				SWIFT_EMIT_LOC_STRINGS = YES;
				SWIFT_VERSION = 5.0;
				TARGETED_DEVICE_FAMILY = "1,2";
			};
			name = Debug;
		};
		E997BCB52A5693AC00E42578 /* Release */ = {
			isa = XCBuildConfiguration;
			buildSettings = {
				ASSETCATALOG_COMPILER_APPICON_NAME = AppIcon;
				ASSETCATALOG_COMPILER_GLOBAL_ACCENT_COLOR_NAME = AccentColor;
				CODE_SIGN_STYLE = Automatic;
				CURRENT_PROJECT_VERSION = 1;
				DEVELOPMENT_TEAM = 699B45TF7E;
				GENERATE_INFOPLIST_FILE = YES;
				INFOPLIST_FILE = MotionConcept/Info.plist;
				INFOPLIST_KEY_UIApplicationSupportsIndirectInputEvents = YES;
				INFOPLIST_KEY_UILaunchStoryboardName = LaunchScreen;
				INFOPLIST_KEY_UIMainStoryboardFile = Main;
				INFOPLIST_KEY_UISupportedInterfaceOrientations_iPad = "UIInterfaceOrientationPortrait UIInterfaceOrientationPortraitUpsideDown UIInterfaceOrientationLandscapeLeft UIInterfaceOrientationLandscapeRight";
				INFOPLIST_KEY_UISupportedInterfaceOrientations_iPhone = "UIInterfaceOrientationPortrait UIInterfaceOrientationLandscapeLeft UIInterfaceOrientationLandscapeRight";
				LD_RUNPATH_SEARCH_PATHS = (
					"$(inherited)",
					"@executable_path/Frameworks",
				);
				MARKETING_VERSION = 1.0;
				PRODUCT_BUNDLE_IDENTIFIER = com.satyamsovan123.MotionConcept;
				PRODUCT_NAME = "$(TARGET_NAME)";
				SWIFT_EMIT_LOC_STRINGS = YES;
				SWIFT_VERSION = 5.0;
				TARGETED_DEVICE_FAMILY = "1,2";
			};
			name = Release;
		};
/* End XCBuildConfiguration section */

/* Begin XCConfigurationList section */
		E997BC9A2A5693AB00E42578 /* Build configuration list for PBXProject "MotionConcept" */ = {
			isa = XCConfigurationList;
			buildConfigurations = (
				E997BCB12A5693AC00E42578 /* Debug */,
				E997BCB22A5693AC00E42578 /* Release */,
			);
			defaultConfigurationIsVisible = 0;
			defaultConfigurationName = Release;
		};
		E997BCB32A5693AC00E42578 /* Build configuration list for PBXNativeTarget "MotionConcept" */ = {
			isa = XCConfigurationList;
			buildConfigurations = (
				E997BCB42A5693AC00E42578 /* Debug */,
				E997BCB52A5693AC00E42578 /* Release */,
			);
			defaultConfigurationIsVisible = 0;
			defaultConfigurationName = Release;
		};
/* End XCConfigurationList section */
	};
	rootObject = E997BC972A5693AB00E42578 /* Project object */;
}
